
Microsoft Visual Studio Solution File, Format Version 12.00
# Visual Studio Version 16
VisualStudioVersion = 16.0.32510.428
MinimumVisualStudioVersion = 10.0.40219.1
Project("{9A19103F-16F7-4668-BE54-9A1E7A4F7556}") = "CefSharp.OutOfProcess.WinForms.Example", "CefSharp.OutOfProcess.WinForms.Example\CefSharp.OutOfProcess.WinForms.Example.csproj", "{A1C85784-7C6F-4C83-9AC4-B3413F32FF31}"
EndProject
Project("{9A19103F-16F7-4668-BE54-9A1E7A4F7556}") = "CefSharp.OutOfProcess.BrowserProcess", "CefSharp.OutOfProcess.BrowserProcess\CefSharp.OutOfProcess.BrowserProcess.csproj", "{8CB2936D-E12C-4CD2-9044-F264D6F0547B}"
EndProject
Project("{9A19103F-16F7-4668-BE54-9A1E7A4F7556}") = "CefSharp.OutOfProcess.WinForms", "CefSharp.OutOfProcess.WinForms\CefSharp.OutOfProcess.WinForms.csproj", "{8287C019-2720-47D5-8077-1A2DADB510E6}"
EndProject
Project("{FAE04EC0-301F-11D3-BF4B-00C04F79EFBC}") = "CefSharp.OutOfProcess.Core", "CefSharp.OutOfProcess.Core\CefSharp.OutOfProcess.Core.csproj", "{6ED4E6BF-F43A-429C-87FD-E66203EEC348}"
EndProject
Global
	GlobalSection(SolutionConfigurationPlatforms) = preSolution
		Debug|Any CPU = Debug|Any CPU
		Release|Any CPU = Release|Any CPU
	EndGlobalSection
	GlobalSection(ProjectConfigurationPlatforms) = postSolution
		{A1C85784-7C6F-4C83-9AC4-B3413F32FF31}.Debug|Any CPU.ActiveCfg = Debug|Any CPU
		{A1C85784-7C6F-4C83-9AC4-B3413F32FF31}.Debug|Any CPU.Build.0 = Debug|Any CPU
		{A1C85784-7C6F-4C83-9AC4-B3413F32FF31}.Release|Any CPU.ActiveCfg = Release|Any CPU
		{A1C85784-7C6F-4C83-9AC4-B3413F32FF31}.Release|Any CPU.Build.0 = Release|Any CPU
		{8CB2936D-E12C-4CD2-9044-F264D6F0547B}.Debug|Any CPU.ActiveCfg = Debug|Any CPU
		{8CB2936D-E12C-4CD2-9044-F264D6F0547B}.Debug|Any CPU.Build.0 = Debug|Any CPU
		{8CB2936D-E12C-4CD2-9044-F264D6F0547B}.Release|Any CPU.ActiveCfg = Release|Any CPU
		{8CB2936D-E12C-4CD2-9044-F264D6F0547B}.Release|Any CPU.Build.0 = Release|Any CPU
		{8287C019-2720-47D5-8077-1A2DADB510E6}.Debug|Any CPU.ActiveCfg = Debug|Any CPU
		{8287C019-2720-47D5-8077-1A2DADB510E6}.Debug|Any CPU.Build.0 = Debug|Any CPU
		{8287C019-2720-47D5-8077-1A2DADB510E6}.Release|Any CPU.ActiveCfg = Release|Any CPU
		{8287C019-2720-47D5-8077-1A2DADB510E6}.Release|Any CPU.Build.0 = Release|Any CPU
		{6ED4E6BF-F43A-429C-87FD-E66203EEC348}.Debug|Any CPU.ActiveCfg = Debug|Any CPU
		{6ED4E6BF-F43A-429C-87FD-E66203EEC348}.Debug|Any CPU.Build.0 = Debug|Any CPU
		{6ED4E6BF-F43A-429C-87FD-E66203EEC348}.Release|Any CPU.ActiveCfg = Release|Any CPU
		{6ED4E6BF-F43A-429C-87FD-E66203EEC348}.Release|Any CPU.Build.0 = Release|Any CPU
	EndGlobalSection
	GlobalSection(SolutionProperties) = preSolution
		HideSolutionNode = FALSE
	EndGlobalSection
	GlobalSection(ExtensibilityGlobals) = postSolution
		SolutionGuid = {5E011DD5-7B05-4678-AFFD-5FDEACB52718}
	EndGlobalSection
EndGlobal
